
Microsoft Visual Studio Solution File, Format Version 12.00
# Visual Studio Version 17
VisualStudioVersion = 17.0.32014.148
MinimumVisualStudioVersion = 10.0.40219.1
Project("{9A19103F-16F7-4668-BE54-9A1E7A4F7556}") = "DoubleDoubleComplex", "DoubleDoubleComplex\DoubleDoubleComplex.csproj", "{D0D2D87A-89B5-4C8F-B867-063838968C47}"
EndProject
Project("{9A19103F-16F7-4668-BE54-9A1E7A4F7556}") = "DoubleDoubleComplexTest", "DoubleDoubleComplexTest\DoubleDoubleComplexTest.csproj", "{4C6A52CE-293E-403D-8BCA-1549A32521BA}"
	ProjectSection(ProjectDependencies) = postProject
		{D0D2D87A-89B5-4C8F-B867-063838968C47} = {D0D2D87A-89B5-4C8F-B867-063838968C47}
	EndProjectSection
EndProject
Project("{FAE04EC0-301F-11D3-BF4B-00C04F79EFBC}") = "DoubleDoubleComplexSandbox", "DoubleDoubleComplexSandbox\DoubleDoubleComplexSandbox.csproj", "{17789458-FE1F-4F2A-A0C2-347326BD2DC4}"
	ProjectSection(ProjectDependencies) = postProject
		{D0D2D87A-89B5-4C8F-B867-063838968C47} = {D0D2D87A-89B5-4C8F-B867-063838968C47}
	EndProjectSection
EndProject
Global
	GlobalSection(SolutionConfigurationPlatforms) = preSolution
		Debug|Any CPU = Debug|Any CPU
		Release|Any CPU = Release|Any CPU
	EndGlobalSection
	GlobalSection(ProjectConfigurationPlatforms) = postSolution
		{D0D2D87A-89B5-4C8F-B867-063838968C47}.Debug|Any CPU.ActiveCfg = Debug|Any CPU
		{D0D2D87A-89B5-4C8F-B867-063838968C47}.Debug|Any CPU.Build.0 = Debug|Any CPU
		{D0D2D87A-89B5-4C8F-B867-063838968C47}.Release|Any CPU.ActiveCfg = Release|Any CPU
		{D0D2D87A-89B5-4C8F-B867-063838968C47}.Release|Any CPU.Build.0 = Release|Any CPU
		{4C6A52CE-293E-403D-8BCA-1549A32521BA}.Debug|Any CPU.ActiveCfg = Debug|Any CPU
		{4C6A52CE-293E-403D-8BCA-1549A32521BA}.Debug|Any CPU.Build.0 = Debug|Any CPU
		{4C6A52CE-293E-403D-8BCA-1549A32521BA}.Release|Any CPU.ActiveCfg = Release|Any CPU
		{4C6A52CE-293E-403D-8BCA-1549A32521BA}.Release|Any CPU.Build.0 = Release|Any CPU
		{17789458-FE1F-4F2A-A0C2-347326BD2DC4}.Debug|Any CPU.ActiveCfg = Debug|Any CPU
		{17789458-FE1F-4F2A-A0C2-347326BD2DC4}.Debug|Any CPU.Build.0 = Debug|Any CPU
		{17789458-FE1F-4F2A-A0C2-347326BD2DC4}.Release|Any CPU.ActiveCfg = Release|Any CPU
		{17789458-FE1F-4F2A-A0C2-347326BD2DC4}.Release|Any CPU.Build.0 = Release|Any CPU
	EndGlobalSection
	GlobalSection(SolutionProperties) = preSolution
		HideSolutionNode = FALSE
	EndGlobalSection
	GlobalSection(ExtensibilityGlobals) = postSolution
		SolutionGuid = {E5F3EDD5-E90C-4965-8788-76647774272B}
	EndGlobalSection
EndGlobal
